// !$*UTF8*$!
{
	archiveVersion = 1;
	classes = {
	};
	objectVersion = 46;
	objects = {

/* Begin PBXBuildFile section */
		F4E4F0AA1D4743A100673006 /* main.m in Sources */ = {isa = PBXBuildFile; fileRef = F4E4F0A91D4743A100673006 /* main.m */; };
		F4E4F0AD1D4743A100673006 /* AppDelegate.m in Sources */ = {isa = PBXBuildFile; fileRef = F4E4F0AC1D4743A100673006 /* AppDelegate.m */; };
		F4E4F0B01D4743A100673006 /* ViewController.m in Sources */ = {isa = PBXBuildFile; fileRef = F4E4F0AF1D4743A100673006 /* ViewController.m */; };
		F4E4F0B31D4743A100673006 /* Main.storyboard in Resources */ = {isa = PBXBuildFile; fileRef = F4E4F0B11D4743A100673006 /* Main.storyboard */; };
		F4E4F0B51D4743A100673006 /* Assets.xcassets in Resources */ = {isa = PBXBuildFile; fileRef = F4E4F0B41D4743A100673006 /* Assets.xcassets */; };
		F4E4F0B81D4743A100673006 /* LaunchScreen.storyboard in Resources */ = {isa = PBXBuildFile; fileRef = F4E4F0B61D4743A100673006 /* LaunchScreen.storyboard */; };
/* End PBXBuildFile section */

/* Begin PBXFileReference section */
		F4E4F0A51D4743A100673006 /* ZQCategory.app */ = {isa = PBXFileReference; explicitFileType = wrapper.application; includeInIndex = 0; path = ZQCategory.app; sourceTree = BUILT_PRODUCTS_DIR; };
		F4E4F0A91D4743A100673006 /* main.m */ = {isa = PBXFileReference; lastKnownFileType = sourcecode.c.objc; path = main.m; sourceTree = "<group>"; };
		F4E4F0AB1D4743A100673006 /* AppDelegate.h */ = {isa = PBXFileReference; lastKnownFileType = sourcecode.c.h; path = AppDelegate.h; sourceTree = "<group>"; };
		F4E4F0AC1D4743A100673006 /* AppDelegate.m */ = {isa = PBXFileReference; lastKnownFileType = sourcecode.c.objc; path = AppDelegate.m; sourceTree = "<group>"; };
		F4E4F0AE1D4743A100673006 /* ViewController.h */ = {isa = PBXFileReference; lastKnownFileType = sourcecode.c.h; path = ViewController.h; sourceTree = "<group>"; };
		F4E4F0AF1D4743A100673006 /* ViewController.m */ = {isa = PBXFileReference; lastKnownFileType = sourcecode.c.objc; path = ViewController.m; sourceTree = "<group>"; };
		F4E4F0B21D4743A100673006 /* Base */ = {isa = PBXFileReference; lastKnownFileType = file.storyboard; name = Base; path = Base.lproj/Main.storyboard; sourceTree = "<group>"; };
		F4E4F0B41D4743A100673006 /* Assets.xcassets */ = {isa = PBXFileReference; lastKnownFileType = folder.assetcatalog; path = Assets.xcassets; sourceTree = "<group>"; };
		F4E4F0B71D4743A100673006 /* Base */ = {isa = PBXFileReference; lastKnownFileType = file.storyboard; name = Base; path = Base.lproj/LaunchScreen.storyboard; sourceTree = "<group>"; };
		F4E4F0B91D4743A100673006 /* Info.plist */ = {isa = PBXFileReference; lastKnownFileType = text.plist.xml; path = Info.plist; sourceTree = "<group>"; };
/* End PBXFileReference section */

/* Begin PBXFrameworksBuildPhase section */
		F4E4F0A21D4743A100673006 /* Frameworks */ = {
			isa = PBXFrameworksBuildPhase;
			buildActionMask = 2147483647;
			files = (
			);
			runOnlyForDeploymentPostprocessing = 0;
		};
/* End PBXFrameworksBuildPhase section */

/* Begin PBXGroup section */
		F4E4F09C1D4743A100673006 = {
			isa = PBXGroup;
			children = (
				F4E4F0A71D4743A100673006 /* ZQCategory */,
				F4E4F0A61D4743A100673006 /* Products */,
			);
			sourceTree = "<group>";
		};
		F4E4F0A61D4743A100673006 /* Products */ = {
			isa = PBXGroup;
			children = (
				F4E4F0A51D4743A100673006 /* ZQCategory.app */,
			);
			name = Products;
			sourceTree = "<group>";
		};
		F4E4F0A71D4743A100673006 /* ZQCategory */ = {
			isa = PBXGroup;
			children = (
				F4E4F0AB1D4743A100673006 /* AppDelegate.h */,
				F4E4F0AC1D4743A100673006 /* AppDelegate.m */,
				F4E4F0AE1D4743A100673006 /* ViewController.h */,
				F4E4F0AF1D4743A100673006 /* ViewController.m */,
				F4E4F0B11D4743A100673006 /* Main.storyboard */,
				F4E4F0B41D4743A100673006 /* Assets.xcassets */,
				F4E4F0B61D4743A100673006 /* LaunchScreen.storyboard */,
				F4E4F0B91D4743A100673006 /* Info.plist */,
				F4E4F0A81D4743A100673006 /* Supporting Files */,
			);
			path = ZQCategory;
			sourceTree = "<group>";
		};
		F4E4F0A81D4743A100673006 /* Supporting Files */ = {
			isa = PBXGroup;
			children = (
				F4E4F0A91D4743A100673006 /* main.m */,
			);
			name = "Supporting Files";
			sourceTree = "<group>";
		};
/* End PBXGroup section */

/* Begin PBXNativeTarget section */
		F4E4F0A41D4743A100673006 /* ZQCategory */ = {
			isa = PBXNativeTarget;
			buildConfigurationList = F4E4F0BC1D4743A100673006 /* Build configuration list for PBXNativeTarget "ZQCategory" */;
			buildPhases = (
				F4E4F0A11D4743A100673006 /* Sources */,
				F4E4F0A21D4743A100673006 /* Frameworks */,
				F4E4F0A31D4743A100673006 /* Resources */,
			);
			buildRules = (
			);
			dependencies = (
			);
			name = ZQCategory;
			productName = ZQCategory;
			productReference = F4E4F0A51D4743A100673006 /* ZQCategory.app */;
			productType = "com.apple.product-type.application";
		};
/* End PBXNativeTarget section */

/* Begin PBXProject section */
		F4E4F09D1D4743A100673006 /* Project object */ = {
			isa = PBXProject;
			attributes = {
				LastUpgradeCheck = 0730;
				ORGANIZATIONNAME = zhaoqiang;
				TargetAttributes = {
					F4E4F0A41D4743A100673006 = {
						CreatedOnToolsVersion = 7.3.1;
					};
				};
			};
			buildConfigurationList = F4E4F0A01D4743A100673006 /* Build configuration list for PBXProject "ZQCategory" */;
			compatibilityVersion = "Xcode 3.2";
			developmentRegion = English;
			hasScannedForEncodings = 0;
			knownRegions = (
				en,
				Base,
			);
			mainGroup = F4E4F09C1D4743A100673006;
			productRefGroup = F4E4F0A61D4743A100673006 /* Products */;
			projectDirPath = "";
			projectRoot = "";
			targets = (
				F4E4F0A41D4743A100673006 /* ZQCategory */,
			);
		};
/* End PBXProject section */

/* Begin PBXResourcesBuildPhase section */
		F4E4F0A31D4743A100673006 /* Resources */ = {
			isa = PBXResourcesBuildPhase;
			buildActionMask = 2147483647;
			files = (
				F4E4F0B81D4743A100673006 /* LaunchScreen.storyboard in Resources */,
				F4E4F0B51D4743A100673006 /* Assets.xcassets in Resources */,
				F4E4F0B31D4743A100673006 /* Main.storyboard in Resources */,
			);
			runOnlyForDeploymentPostprocessing = 0;
		};
/* End PBXResourcesBuildPhase section */

/* Begin PBXSourcesBuildPhase section */
		F4E4F0A11D4743A100673006 /* Sources */ = {
			isa = PBXSourcesBuildPhase;
			buildActionMask = 2147483647;
			files = (
				F4E4F0B01D4743A100673006 /* ViewController.m in Sources */,
				F4E4F0AD1D4743A100673006 /* AppDelegate.m in Sources */,
				F4E4F0AA1D4743A100673006 /* main.m in Sources */,
			);
			runOnlyForDeploymentPostprocessing = 0;
		};
/* End PBXSourcesBuildPhase section */

/* Begin PBXVariantGroup section */
		F4E4F0B11D4743A100673006 /* Main.storyboard */ = {
			isa = PBXVariantGroup;
			children = (
				F4E4F0B21D4743A100673006 /* Base */,
			);
			name = Main.storyboard;
			sourceTree = "<group>";
		};
		F4E4F0B61D4743A100673006 /* LaunchScreen.storyboard */ = {
			isa = PBXVariantGroup;
			children = (
				F4E4F0B71D4743A100673006 /* Base */,
			);
			name = LaunchScreen.storyboard;
			sourceTree = "<group>";
		};
/* End PBXVariantGroup section */

/* Begin XCBuildConfiguration section */
		F4E4F0BA1D4743A100673006 /* Debug */ = {
			isa = XCBuildConfiguration;
			buildSettings = {
				ALWAYS_SEARCH_USER_PATHS = NO;
				CLANG_ANALYZER_NONNULL = YES;
				CLANG_CXX_LANGUAGE_STANDARD = "gnu++0x";
				CLANG_CXX_LIBRARY = "libc++";
				CLANG_ENABLE_MODULES = YES;
				CLANG_ENABLE_OBJC_ARC = YES;
				CLANG_WARN_BOOL_CONVERSION = YES;
				CLANG_WARN_CONSTANT_CONVERSION = YES;
				CLANG_WARN_DIRECT_OBJC_ISA_USAGE = YES_ERROR;
				CLANG_WARN_EMPTY_BODY = YES;
				CLANG_WARN_ENUM_CONVERSION = YES;
				CLANG_WARN_INT_CONVERSION = YES;
				CLANG_WARN_OBJC_ROOT_CLASS = YES_ERROR;
				CLANG_WARN_UNREACHABLE_CODE = YES;
				CLANG_WARN__DUPLICATE_METHOD_MATCH = YES;
				"CODE_SIGN_IDENTITY[sdk=iphoneos*]" = "iPhone Developer";
				COPY_PHASE_STRIP = NO;
				DEBUG_INFORMATION_FORMAT = dwarf;
				ENABLE_STRICT_OBJC_MSGSEND = YES;
				ENABLE_TESTABILITY = YES;
				GCC_C_LANGUAGE_STANDARD = gnu99;
				GCC_DYNAMIC_NO_PIC = NO;
				GCC_NO_COMMON_BLOCKS = YES;
				GCC_OPTIMIZATION_LEVEL = 0;
				GCC_PREPROCESSOR_DEFINITIONS = (
					"DEBUG=1",
					"$(inherited)",
				);
				GCC_WARN_64_TO_32_BIT_CONVERSION = YES;
				GCC_WARN_ABOUT_RETURN_TYPE = YES_ERROR;
				GCC_WARN_UNDECLARED_SELECTOR = YES;
				GCC_WARN_UNINITIALIZED_AUTOS = YES_AGGRESSIVE;
				GCC_WARN_UNUSED_FUNCTION = YES;
				GCC_WARN_UNUSED_VARIABLE = YES;
				IPHONEOS_DEPLOYMENT_TARGET = 9.3;
				MTL_ENABLE_DEBUG_INFO = YES;
				ONLY_ACTIVE_ARCH = YES;
				SDKROOT = iphoneos;
			};
			name = Debug;
		};
		F4E4F0BB1D4743A100673006 /* Release */ = {
			isa = XCBuildConfiguration;
			buildSettings = {
				ALWAYS_SEARCH_USER_PATHS = NO;
				CLANG_ANALYZER_NONNULL = YES;
				CLANG_CXX_LANGUAGE_STANDARD = "gnu++0x";
				CLANG_CXX_LIBRARY = "libc++";
				CLANG_ENABLE_MODULES = YES;
				CLANG_ENABLE_OBJC_ARC = YES;
				CLANG_WARN_BOOL_CONVERSION = YES;
				CLANG_WARN_CONSTANT_CONVERSION = YES;
				CLANG_WARN_DIRECT_OBJC_ISA_USAGE = YES_ERROR;
				CLANG_WARN_EMPTY_BODY = YES;
				CLANG_WARN_ENUM_CONVERSION = YES;
				CLANG_WARN_INT_CONVERSION = YES;
				CLANG_WARN_OBJC_ROOT_CLASS = YES_ERROR;
				CLANG_WARN_UNREACHABLE_CODE = YES;
				CLANG_WARN__DUPLICATE_METHOD_MATCH = YES;
				"CODE_SIGN_IDENTITY[sdk=iphoneos*]" = "iPhone Developer";
				COPY_PHASE_STRIP = NO;
				DEBUG_INFORMATION_FORMAT = "dwarf-with-dsym";
				ENABLE_NS_ASSERTIONS = NO;
				ENABLE_STRICT_OBJC_MSGSEND = YES;
				GCC_C_LANGUAGE_STANDARD = gnu99;
				GCC_NO_COMMON_BLOCKS = YES;
				GCC_WARN_64_TO_32_BIT_CONVERSION = YES;
				GCC_WARN_ABOUT_RETURN_TYPE = YES_ERROR;
				GCC_WARN_UNDECLARED_SELECTOR = YES;
				GCC_WARN_UNINITIALIZED_AUTOS = YES_AGGRESSIVE;
				GCC_WARN_UNUSED_FUNCTION = YES;
				GCC_WARN_UNUSED_VARIABLE = YES;
				IPHONEOS_DEPLOYMENT_TARGET = 9.3;
				MTL_ENABLE_DEBUG_INFO = NO;
				SDKROOT = iphoneos;
				VALIDATE_PRODUCT = YES;
			};
			name = Release;
		};
		F4E4F0BD1D4743A100673006 /* Debug */ = {
			isa = XCBuildConfiguration;
			buildSettings = {
				ASSETCATALOG_COMPILER_APPICON_NAME = AppIcon;
				INFOPLIST_FILE = ZQCategory/Info.plist;
				LD_RUNPATH_SEARCH_PATHS = "$(inherited) @executable_path/Frameworks";
				PRODUCT_BUNDLE_IDENTIFIER = zhaoqiang.ZQCategory;
				PRODUCT_NAME = "$(TARGET_NAME)";
			};
			name = Debug;
		};
		F4E4F0BE1D4743A100673006 /* Release */ = {
			isa = XCBuildConfiguration;
			buildSettings = {
				ASSETCATALOG_COMPILER_APPICON_NAME = AppIcon;
				INFOPLIST_FILE = ZQCategory/Info.plist;
				LD_RUNPATH_SEARCH_PATHS = "$(inherited) @executable_path/Frameworks";
				PRODUCT_BUNDLE_IDENTIFIER = zhaoqiang.ZQCategory;
				PRODUCT_NAME = "$(TARGET_NAME)";
			};
			name = Release;
		};
/* End XCBuildConfiguration section */

/* Begin XCConfigurationList section */
		F4E4F0A01D4743A100673006 /* Build configuration list for PBXProject "ZQCategory" */ = {
			isa = XCConfigurationList;
			buildConfigurations = (
				F4E4F0BA1D4743A100673006 /* Debug */,
				F4E4F0BB1D4743A100673006 /* Release */,
			);
			defaultConfigurationIsVisible = 0;
			defaultConfigurationName = Release;
		};
		F4E4F0BC1D4743A100673006 /* Build configuration list for PBXNativeTarget "ZQCategory" */ = {
			isa = XCConfigurationList;
			buildConfigurations = (
				F4E4F0BD1D4743A100673006 /* Debug */,
				F4E4F0BE1D4743A100673006 /* Release */,
			);
			defaultConfigurationIsVisible = 0;
		};
/* End XCConfigurationList section */
	};
	rootObject = F4E4F09D1D4743A100673006 /* Project object */;
}
